
Microsoft Visual Studio Solution File, Format Version 12.00
# Visual Studio Version 16
VisualStudioVersion = 16.0.31005.135
MinimumVisualStudioVersion = 10.0.40219.1
Project("{F184B08F-C81C-45F6-A57F-5ABD9991F28F}") = "RMDataManager", "RMDataManager\RMDataManager.vbproj", "{CB136C6F-B96B-4C2E-9F47-502667CC5329}"
EndProject
Global
	GlobalSection(SolutionConfigurationPlatforms) = preSolution
		Debug|Any CPU = Debug|Any CPU
		Release|Any CPU = Release|Any CPU
	EndGlobalSection
	GlobalSection(ProjectConfigurationPlatforms) = postSolution
		{CB136C6F-B96B-4C2E-9F47-502667CC5329}.Debug|Any CPU.ActiveCfg = Debug|Any CPU
		{CB136C6F-B96B-4C2E-9F47-502667CC5329}.Debug|Any CPU.Build.0 = Debug|Any CPU
		{CB136C6F-B96B-4C2E-9F47-502667CC5329}.Release|Any CPU.ActiveCfg = Release|Any CPU
		{CB136C6F-B96B-4C2E-9F47-502667CC5329}.Release|Any CPU.Build.0 = Release|Any CPU
	EndGlobalSection
	GlobalSection(SolutionProperties) = preSolution
		HideSolutionNode = FALSE
	EndGlobalSection
	GlobalSection(ExtensibilityGlobals) = postSolution
		SolutionGuid = {4C423B0D-7A4A-497C-A73A-3D94A353F52E}
	EndGlobalSection
EndGlobal
